
Microsoft Visual Studio Solution File, Format Version 12.00
# Visual Studio 15
VisualStudioVersion = 15.0.27428.2015
MinimumVisualStudioVersion = 10.0.40219.1
Project("{2150E333-8FDC-42A3-9474-1A3956D46DE8}") = "samples", "samples", "{98816C62-AE5F-4A67-B6DA-DBF28078FA57}"
EndProject
Project("{9A19103F-16F7-4668-BE54-9A1E7A4F7556}") = "SecretCollect.Localization.Web", "samples\SecretCollect.Localization.Web\SecretCollect.Localization.Web.csproj", "{D33CC200-A4DD-47A6-BFCD-12974548662A}"
EndProject
Project("{2150E333-8FDC-42A3-9474-1A3956D46DE8}") = "test", "test", "{EBD0318F-B4D8-47AA-A3CC-0211AB5B3F5C}"
EndProject
Project("{9A19103F-16F7-4668-BE54-9A1E7A4F7556}") = "SecretCollect.Localization.SqlLocalizer.UnitTests", "test\SecretCollect.Localization.SqlLocalizer.UnitTests\SecretCollect.Localization.SqlLocalizer.UnitTests.csproj", "{71173CE6-FFD2-4F7C-A120-46559C934D92}"
EndProject
Project("{9A19103F-16F7-4668-BE54-9A1E7A4F7556}") = "SecretCollect.Localization.SqlLocalizer.IntegrationTests", "test\SecretCollect.Localization.SqlLocalizer.IntegrationTests\SecretCollect.Localization.SqlLocalizer.IntegrationTests.csproj", "{6E5B21AF-BA83-4C6A-8BE9-78C30A8856D2}"
EndProject
Project("{2150E333-8FDC-42A3-9474-1A3956D46DE8}") = "Websites", "Websites", "{477B5CE9-3FC0-4D39-8F98-7AB2D7BE9A51}"
EndProject
Project("{9A19103F-16F7-4668-BE54-9A1E7A4F7556}") = "SimpleMvc", "test\WebSites\SimpleMvc\SimpleMvc.csproj", "{20B10221-F3C3-47A5-9DAD-C8812DE36E55}"
EndProject
Project("{2150E333-8FDC-42A3-9474-1A3956D46DE8}") = "src", "src", "{88EEAE1C-3B13-45C9-AC16-2E9FB910E005}"
EndProject
Project("{9A19103F-16F7-4668-BE54-9A1E7A4F7556}") = "SecretCollect.Localization.SqlLocalizer", "src\SecretCollect.Localization.SqlLocalizer\SecretCollect.Localization.SqlLocalizer.csproj", "{F2DE5448-7404-4AAC-B93D-8D5F32C383F8}"
EndProject
Project("{FAE04EC0-301F-11D3-BF4B-00C04F79EFBC}") = "SecretCollect.Localization.SqlLocalizer.MigrationStartup", "src\SecretCollect.Localization.SqlLocalizer.MigrationStartup\SecretCollect.Localization.SqlLocalizer.MigrationStartup.csproj", "{8304A46D-DB87-42F1-8D4F-1970E106364C}"
EndProject
Global
	GlobalSection(SolutionConfigurationPlatforms) = preSolution
		Debug|Any CPU = Debug|Any CPU
		Release|Any CPU = Release|Any CPU
	EndGlobalSection
	GlobalSection(ProjectConfigurationPlatforms) = postSolution
		{D33CC200-A4DD-47A6-BFCD-12974548662A}.Debug|Any CPU.ActiveCfg = Debug|Any CPU
		{D33CC200-A4DD-47A6-BFCD-12974548662A}.Debug|Any CPU.Build.0 = Debug|Any CPU
		{D33CC200-A4DD-47A6-BFCD-12974548662A}.Release|Any CPU.ActiveCfg = Release|Any CPU
		{D33CC200-A4DD-47A6-BFCD-12974548662A}.Release|Any CPU.Build.0 = Release|Any CPU
		{71173CE6-FFD2-4F7C-A120-46559C934D92}.Debug|Any CPU.ActiveCfg = Debug|Any CPU
		{71173CE6-FFD2-4F7C-A120-46559C934D92}.Debug|Any CPU.Build.0 = Debug|Any CPU
		{71173CE6-FFD2-4F7C-A120-46559C934D92}.Release|Any CPU.ActiveCfg = Release|Any CPU
		{71173CE6-FFD2-4F7C-A120-46559C934D92}.Release|Any CPU.Build.0 = Release|Any CPU
		{6E5B21AF-BA83-4C6A-8BE9-78C30A8856D2}.Debug|Any CPU.ActiveCfg = Debug|Any CPU
		{6E5B21AF-BA83-4C6A-8BE9-78C30A8856D2}.Debug|Any CPU.Build.0 = Debug|Any CPU
		{6E5B21AF-BA83-4C6A-8BE9-78C30A8856D2}.Release|Any CPU.ActiveCfg = Release|Any CPU
		{6E5B21AF-BA83-4C6A-8BE9-78C30A8856D2}.Release|Any CPU.Build.0 = Release|Any CPU
		{20B10221-F3C3-47A5-9DAD-C8812DE36E55}.Debug|Any CPU.ActiveCfg = Debug|Any CPU
		{20B10221-F3C3-47A5-9DAD-C8812DE36E55}.Debug|Any CPU.Build.0 = Debug|Any CPU
		{20B10221-F3C3-47A5-9DAD-C8812DE36E55}.Release|Any CPU.ActiveCfg = Release|Any CPU
		{20B10221-F3C3-47A5-9DAD-C8812DE36E55}.Release|Any CPU.Build.0 = Release|Any CPU
		{F2DE5448-7404-4AAC-B93D-8D5F32C383F8}.Debug|Any CPU.ActiveCfg = Debug|Any CPU
		{F2DE5448-7404-4AAC-B93D-8D5F32C383F8}.Debug|Any CPU.Build.0 = Debug|Any CPU
		{F2DE5448-7404-4AAC-B93D-8D5F32C383F8}.Release|Any CPU.ActiveCfg = Release|Any CPU
		{F2DE5448-7404-4AAC-B93D-8D5F32C383F8}.Release|Any CPU.Build.0 = Release|Any CPU
		{8304A46D-DB87-42F1-8D4F-1970E106364C}.Debug|Any CPU.ActiveCfg = Debug|Any CPU
		{8304A46D-DB87-42F1-8D4F-1970E106364C}.Debug|Any CPU.Build.0 = Debug|Any CPU
		{8304A46D-DB87-42F1-8D4F-1970E106364C}.Release|Any CPU.ActiveCfg = Release|Any CPU
		{8304A46D-DB87-42F1-8D4F-1970E106364C}.Release|Any CPU.Build.0 = Release|Any CPU
	EndGlobalSection
	GlobalSection(SolutionProperties) = preSolution
		HideSolutionNode = FALSE
	EndGlobalSection
	GlobalSection(NestedProjects) = preSolution
		{D33CC200-A4DD-47A6-BFCD-12974548662A} = {98816C62-AE5F-4A67-B6DA-DBF28078FA57}
		{71173CE6-FFD2-4F7C-A120-46559C934D92} = {EBD0318F-B4D8-47AA-A3CC-0211AB5B3F5C}
		{6E5B21AF-BA83-4C6A-8BE9-78C30A8856D2} = {EBD0318F-B4D8-47AA-A3CC-0211AB5B3F5C}
		{477B5CE9-3FC0-4D39-8F98-7AB2D7BE9A51} = {EBD0318F-B4D8-47AA-A3CC-0211AB5B3F5C}
		{20B10221-F3C3-47A5-9DAD-C8812DE36E55} = {477B5CE9-3FC0-4D39-8F98-7AB2D7BE9A51}
		{F2DE5448-7404-4AAC-B93D-8D5F32C383F8} = {88EEAE1C-3B13-45C9-AC16-2E9FB910E005}
		{8304A46D-DB87-42F1-8D4F-1970E106364C} = {88EEAE1C-3B13-45C9-AC16-2E9FB910E005}
	EndGlobalSection
	GlobalSection(ExtensibilityGlobals) = postSolution
		SolutionGuid = {5781CC93-489A-460D-8463-53464F5C1A6A}
	EndGlobalSection
EndGlobal
